
Microsoft Visual Studio Solution File, Format Version 12.00
# Visual Studio Version 17
VisualStudioVersion = 17.7.34003.232
MinimumVisualStudioVersion = 10.0.40219.1
Project("{9A19103F-16F7-4668-BE54-9A1E7A4F7556}") = "ImageManager", "ImageManager.csproj", "{8622963D-2CC9-4B1A-B1CB-6446B5279D1B}"
EndProject
Global
	GlobalSection(SolutionConfigurationPlatforms) = preSolution
		Debug|Any CPU = Debug|Any CPU
		Release|Any CPU = Release|Any CPU
	EndGlobalSection
	GlobalSection(ProjectConfigurationPlatforms) = postSolution
		{8622963D-2CC9-4B1A-B1CB-6446B5279D1B}.Debug|Any CPU.ActiveCfg = Debug|Any CPU
		{8622963D-2CC9-4B1A-B1CB-6446B5279D1B}.Debug|Any CPU.Build.0 = Debug|Any CPU
		{8622963D-2CC9-4B1A-B1CB-6446B5279D1B}.Release|Any CPU.ActiveCfg = Release|Any CPU
		{8622963D-2CC9-4B1A-B1CB-6446B5279D1B}.Release|Any CPU.Build.0 = Release|Any CPU
	EndGlobalSection
	GlobalSection(SolutionProperties) = preSolution
		HideSolutionNode = FALSE
	EndGlobalSection
	GlobalSection(ExtensibilityGlobals) = postSolution
		SolutionGuid = {21A81E4F-EA87-4BAC-A0B1-8893F4E14E92}
	EndGlobalSection
EndGlobal
